{
  "version": 4,
  "terraform_version": "1.5.7",
  "serial": 3,
  "lineage": "c628f564-b662-0d4c-d831-8fa032307933",
  "outputs": {},
  "resources": [
    {
      "mode": "managed",
      "type": "github_repository",
      "name": "tf_home_ops",
      "provider": "provider[\"registry.terraform.io/integrations/github\"]",
      "instances": [
        {
          "schema_version": 1,
          "attributes": {
            "allow_auto_merge": false,
            "allow_merge_commit": true,
            "allow_rebase_merge": true,
            "allow_squash_merge": true,
            "allow_update_branch": false,
            "archive_on_destroy": null,
            "archived": false,
            "auto_init": null,
            "default_branch": "main",
            "delete_branch_on_merge": false,
            "description": "terraform code for my home operations",
            "etag": "W/\"51c5dafb1501a7625dcc1c55ad28d47eae7e93586007647756743eef29fa9704\"",
            "full_name": "AlinaNova21/tf-home-ops",
            "git_clone_url": "git://github.com/AlinaNova21/tf-home-ops.git",
            "gitignore_template": null,
            "has_discussions": false,
            "has_downloads": false,
            "has_issues": true,
            "has_projects": false,
            "has_wiki": false,
            "homepage_url": "",
            "html_url": "https://github.com/AlinaNova21/tf-home-ops",
            "http_clone_url": "https://github.com/AlinaNova21/tf-home-ops.git",
            "id": "tf-home-ops",
            "ignore_vulnerability_alerts_during_read": null,
            "is_template": false,
            "license_template": null,
            "merge_commit_message": "PR_TITLE",
            "merge_commit_title": "MERGE_MESSAGE",
            "name": "tf-home-ops",
            "node_id": "R_kgDOKdvn9Q",
            "pages": [],
            "primary_language": "",
            "private": false,
            "repo_id": 702277621,
            "security_and_analysis": [
              {
                "advanced_security": [],
                "secret_scanning": [
                  {
                    "status": "disabled"
                  }
                ],
                "secret_scanning_push_protection": [
                  {
                    "status": "disabled"
                  }
                ]
              }
            ],
            "squash_merge_commit_message": "COMMIT_MESSAGES",
            "squash_merge_commit_title": "COMMIT_OR_PR_TITLE",
            "ssh_clone_url": "git@github.com:AlinaNova21/tf-home-ops.git",
            "svn_url": "https://github.com/AlinaNova21/tf-home-ops",
            "template": [],
            "topics": [
              "gitops",
              "home-ops",
              "terraform"
            ],
            "visibility": "public",
            "vulnerability_alerts": false
          },
          "sensitive_attributes": [],
          "private": "eyJzY2hlbWFfdmVyc2lvbiI6IjEifQ=="
        }
      ]
    }
  ],
  "check_results": null
}
