{
  "version": 4,
  "terraform_version": "1.5.7",
  "serial": 21,
  "lineage": "3f76cebf-3b00-6b94-b497-ab3ce08dc9d6",
  "outputs": {},
  "resources": [
    {
      "mode": "data",
      "type": "sops_file",
      "name": "secrets",
      "provider": "provider[\"registry.terraform.io/carlpett/sops\"]",
      "instances": [
        {
          "schema_version": 0,
          "attributes": {
            "data": {
              "cloudflare_api_token": "MEMZ151cldHKEplIq-VN2zQbDuOSZ_fuLhNuJFMm",
              "cloudflare_email": "ashumann13@gmail.com",
              "github_token": "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",
              "sops_age_key": "AGE-SECRET-KEY-1HUZKJVN9ZR4KEPTKEF7D66U0RXUKFQMX6H65GV3H8R367TNDSXZQ65CT0N",
              "terraform_token": "VHujRMSqZPhYQg.atlasv1.QNWIEIRWjPl3yhG6AvwQHfdKTm2QRq7SVzQIYg24oW0yUDyyKhAdlwXVLS1rOzhwPR4"
            },
            "id": "-",
            "input_type": null,
            "raw": "terraform_token: VHujRMSqZPhYQg.atlasv1.QNWIEIRWjPl3yhG6AvwQHfdKTm2QRq7SVzQIYg24oW0yUDyyKhAdlwXVLS1rOzhwPR4\ncloudflare_email: ashumann13@gmail.com\ncloudflare_api_token: MEMZ151cldHKEplIq-VN2zQbDuOSZ_fuLhNuJFMm\ngithub_token: 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\nsops_age_key: AGE-SECRET-KEY-1HUZKJVN9ZR4KEPTKEF7D66U0RXUKFQMX6H65GV3H8R367TNDSXZQ65CT0N\n",
            "source_file": "secrets.sops.yaml"
          },
          "sensitive_attributes": []
        }
      ]
    },
    {
      "mode": "managed",
      "type": "github_actions_secret",
      "name": "tf_api_token",
      "provider": "provider[\"registry.terraform.io/integrations/github\"]",
      "instances": [
        {
          "schema_version": 0,
          "attributes": {
            "created_at": "2023-10-09 02:33:23 +0000 UTC",
            "encrypted_value": "",
            "id": "tf-home-ops:TF_API_TOKEN",
            "plaintext_value": "VHujRMSqZPhYQg.atlasv1.QNWIEIRWjPl3yhG6AvwQHfdKTm2QRq7SVzQIYg24oW0yUDyyKhAdlwXVLS1rOzhwPR4",
            "repository": "tf-home-ops",
            "secret_name": "TF_API_TOKEN",
            "updated_at": "2023-10-12 19:56:10 +0000 UTC"
          },
          "sensitive_attributes": [
            [
              {
                "type": "get_attr",
                "value": "plaintext_value"
              }
            ]
          ],
          "private": "bnVsbA==",
          "dependencies": [
            "data.sops_file.secrets",
            "github_repository.tf_home_ops"
          ]
        }
      ]
    },
    {
      "mode": "managed",
      "type": "github_actions_variable",
      "name": "tf_workspace",
      "provider": "provider[\"registry.terraform.io/integrations/github\"]",
      "instances": [
        {
          "index_key": "CONFIG_DIRECTORY",
          "schema_version": 0,
          "attributes": {
            "created_at": "2023-10-09 03:15:15 +0000 UTC",
            "id": "tf-home-ops:CONFIG_DIRECTORY",
            "repository": "tf-home-ops",
            "updated_at": "2023-10-09 03:15:15 +0000 UTC",
            "value": "./",
            "variable_name": "CONFIG_DIRECTORY"
          },
          "sensitive_attributes": [],
          "private": "eyJzY2hlbWFfdmVyc2lvbiI6IjAifQ==",
          "dependencies": [
            "github_repository.tf_home_ops",
            "tfe_organization.whoverse"
          ]
        },
        {
          "index_key": "TF_CLOUD_ORGANIZATION",
          "schema_version": 0,
          "attributes": {
            "created_at": "2023-10-09 03:15:18 +0000 UTC",
            "id": "tf-home-ops:TF_CLOUD_ORGANIZATION",
            "repository": "tf-home-ops",
            "updated_at": "2023-10-09 03:15:18 +0000 UTC",
            "value": "Whoverse",
            "variable_name": "TF_CLOUD_ORGANIZATION"
          },
          "sensitive_attributes": [],
          "private": "eyJzY2hlbWFfdmVyc2lvbiI6IjAifQ==",
          "dependencies": [
            "github_repository.tf_home_ops",
            "tfe_organization.whoverse"
          ]
        },
        {
          "index_key": "TF_WORKSPACES",
          "schema_version": 0,
          "attributes": {
            "created_at": "2023-10-12 19:56:12 +0000 UTC",
            "id": "tf-home-ops:TF_WORKSPACES",
            "repository": "tf-home-ops",
            "updated_at": "2023-10-12 19:56:12 +0000 UTC",
            "value": "[\"core\",\"bsky\"]",
            "variable_name": "TF_WORKSPACES"
          },
          "sensitive_attributes": [],
          "private": "bnVsbA==",
          "dependencies": [
            "github_repository.tf_home_ops",
            "tfe_organization.whoverse"
          ]
        }
      ]
    },
    {
      "mode": "managed",
      "type": "github_repository",
      "name": "tf_home_ops",
      "provider": "provider[\"registry.terraform.io/integrations/github\"]",
      "instances": [
        {
          "schema_version": 1,
          "attributes": {
            "allow_auto_merge": false,
            "allow_merge_commit": true,
            "allow_rebase_merge": true,
            "allow_squash_merge": true,
            "allow_update_branch": false,
            "archive_on_destroy": null,
            "archived": false,
            "auto_init": false,
            "default_branch": "main",
            "delete_branch_on_merge": false,
            "description": "terraform code for my home operations",
            "etag": "W/\"3e172d210b004ffb622959d5c5ba50a35536005da0e9472eae96d907663b6c5f\"",
            "full_name": "AlinaNova21/tf-home-ops",
            "git_clone_url": "git://github.com/AlinaNova21/tf-home-ops.git",
            "gitignore_template": null,
            "has_discussions": false,
            "has_downloads": false,
            "has_issues": true,
            "has_projects": false,
            "has_wiki": false,
            "homepage_url": "",
            "html_url": "https://github.com/AlinaNova21/tf-home-ops",
            "http_clone_url": "https://github.com/AlinaNova21/tf-home-ops.git",
            "id": "tf-home-ops",
            "ignore_vulnerability_alerts_during_read": null,
            "is_template": false,
            "license_template": null,
            "merge_commit_message": "PR_TITLE",
            "merge_commit_title": "MERGE_MESSAGE",
            "name": "tf-home-ops",
            "node_id": "R_kgDOKdvn9Q",
            "pages": [],
            "primary_language": "HCL",
            "private": false,
            "repo_id": 702277621,
            "security_and_analysis": [
              {
                "advanced_security": [],
                "secret_scanning": [
                  {
                    "status": "disabled"
                  }
                ],
                "secret_scanning_push_protection": [
                  {
                    "status": "disabled"
                  }
                ]
              }
            ],
            "squash_merge_commit_message": "COMMIT_MESSAGES",
            "squash_merge_commit_title": "COMMIT_OR_PR_TITLE",
            "ssh_clone_url": "git@github.com:AlinaNova21/tf-home-ops.git",
            "svn_url": "https://github.com/AlinaNova21/tf-home-ops",
            "template": [],
            "topics": [
              "gitops",
              "home-ops",
              "terraform"
            ],
            "visibility": "public",
            "vulnerability_alerts": false
          },
          "sensitive_attributes": [],
          "private": "eyJzY2hlbWFfdmVyc2lvbiI6IjEifQ=="
        }
      ]
    },
    {
      "mode": "managed",
      "type": "tfe_organization",
      "name": "whoverse",
      "provider": "provider[\"registry.terraform.io/hashicorp/tfe\"]",
      "instances": [
        {
          "schema_version": 0,
          "attributes": {
            "allow_force_delete_workspaces": false,
            "assessments_enforced": false,
            "collaborator_auth_policy": "password",
            "cost_estimation_enabled": false,
            "default_project_id": "prj-SXfEV6DijGXpngKg",
            "email": "ashumann13@gmail.com",
            "id": "Whoverse",
            "name": "Whoverse",
            "owners_team_saml_role_id": "",
            "send_passing_statuses_for_untriggered_speculative_plans": false,
            "session_remember_minutes": 0,
            "session_timeout_minutes": 0
          },
          "sensitive_attributes": [],
          "private": "eyJzY2hlbWFfdmVyc2lvbiI6IjAifQ=="
        }
      ]
    },
    {
      "mode": "managed",
      "type": "tfe_variable",
      "name": "whoverse",
      "provider": "provider[\"registry.terraform.io/hashicorp/tfe\"]",
      "instances": [
        {
          "index_key": "CLOUDFLARE_API_TOKEN_bsky",
          "schema_version": 1,
          "attributes": {
            "category": "env",
            "description": "",
            "hcl": false,
            "id": "var-bebFgt4XiizEMuk7",
            "key": "CLOUDFLARE_API_TOKEN",
            "readable_value": null,
            "sensitive": true,
            "value": "MEMZ151cldHKEplIq-VN2zQbDuOSZ_fuLhNuJFMm",
            "variable_set_id": null,
            "workspace_id": "ws-XCjFaenpxewuESkB"
          },
          "sensitive_attributes": [
            [
              {
                "type": "get_attr",
                "value": "value"
              }
            ]
          ],
          "dependencies": [
            "data.sops_file.secrets",
            "tfe_organization.whoverse",
            "tfe_workspace.whoverse"
          ]
        },
        {
          "index_key": "CLOUDFLARE_EMAIL_bsky",
          "schema_version": 1,
          "attributes": {
            "category": "env",
            "description": "",
            "hcl": false,
            "id": "var-Vc8iVQFk55sT46LV",
            "key": "CLOUDFLARE_EMAIL",
            "readable_value": "ashumann13@gmail.com",
            "sensitive": false,
            "value": "ashumann13@gmail.com",
            "variable_set_id": null,
            "workspace_id": "ws-XCjFaenpxewuESkB"
          },
          "sensitive_attributes": [
            [
              {
                "type": "get_attr",
                "value": "value"
              }
            ]
          ],
          "dependencies": [
            "data.sops_file.secrets",
            "tfe_workspace.whoverse"
          ]
        },
        {
          "index_key": "GITHUB_TOKEN_core",
          "schema_version": 1,
          "attributes": {
            "category": "env",
            "description": "",
            "hcl": false,
            "id": "var-UHKcc5T8NnCaxi9S",
            "key": "GITHUB_TOKEN",
            "readable_value": null,
            "sensitive": true,
            "value": "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",
            "variable_set_id": null,
            "workspace_id": "ws-oBKpYZ1yN1jJuPxS"
          },
          "sensitive_attributes": [
            [
              {
                "type": "get_attr",
                "value": "value"
              }
            ]
          ],
          "dependencies": [
            "data.sops_file.secrets",
            "tfe_organization.whoverse",
            "tfe_workspace.whoverse"
          ]
        },
        {
          "index_key": "SOPS_AGE_KEY_core",
          "schema_version": 1,
          "attributes": {
            "category": "env",
            "description": "",
            "hcl": false,
            "id": "var-gD5cR5RbZL3tYmrd",
            "key": "SOPS_AGE_KEY",
            "readable_value": null,
            "sensitive": true,
            "value": "AGE-SECRET-KEY-1HUZKJVN9ZR4KEPTKEF7D66U0RXUKFQMX6H65GV3H8R367TNDSXZQ65CT0N",
            "variable_set_id": null,
            "workspace_id": "ws-oBKpYZ1yN1jJuPxS"
          },
          "sensitive_attributes": [
            [
              {
                "type": "get_attr",
                "value": "value"
              }
            ]
          ],
          "dependencies": [
            "data.sops_file.secrets",
            "tfe_organization.whoverse",
            "tfe_workspace.whoverse"
          ]
        }
      ]
    },
    {
      "mode": "managed",
      "type": "tfe_workspace",
      "name": "whoverse",
      "provider": "provider[\"registry.terraform.io/hashicorp/tfe\"]",
      "instances": [
        {
          "index_key": "bsky",
          "schema_version": 1,
          "attributes": {
            "agent_pool_id": "",
            "allow_destroy_plan": true,
            "assessments_enabled": false,
            "auto_apply": true,
            "description": "",
            "execution_mode": "remote",
            "file_triggers_enabled": false,
            "force_delete": false,
            "global_remote_state": false,
            "html_url": "https://app.terraform.io/app/Whoverse/workspaces/bsky",
            "id": "ws-XCjFaenpxewuESkB",
            "name": "bsky",
            "operations": true,
            "organization": "Whoverse",
            "project_id": "prj-SXfEV6DijGXpngKg",
            "queue_all_runs": true,
            "remote_state_consumer_ids": [],
            "resource_count": 14,
            "source_name": "",
            "source_url": "",
            "speculative_enabled": true,
            "ssh_key_id": "",
            "structured_run_output_enabled": true,
            "tag_names": [
              "gitops"
            ],
            "terraform_version": "1.5.4",
            "trigger_patterns": [],
            "trigger_prefixes": [],
            "vcs_repo": [],
            "working_directory": "workspaces/bsky/"
          },
          "sensitive_attributes": [],
          "private": "eyJzY2hlbWFfdmVyc2lvbiI6IjEifQ==",
          "dependencies": [
            "tfe_organization.whoverse"
          ]
        },
        {
          "index_key": "core",
          "schema_version": 1,
          "attributes": {
            "agent_pool_id": "",
            "allow_destroy_plan": true,
            "assessments_enabled": false,
            "auto_apply": true,
            "description": "",
            "execution_mode": "remote",
            "file_triggers_enabled": false,
            "force_delete": false,
            "global_remote_state": false,
            "html_url": "https://app.terraform.io/app/Whoverse/workspaces/core",
            "id": "ws-oBKpYZ1yN1jJuPxS",
            "name": "core",
            "operations": true,
            "organization": "Whoverse",
            "project_id": "prj-SXfEV6DijGXpngKg",
            "queue_all_runs": true,
            "remote_state_consumer_ids": [],
            "resource_count": 2,
            "source_name": "",
            "source_url": "",
            "speculative_enabled": true,
            "ssh_key_id": "",
            "structured_run_output_enabled": true,
            "tag_names": [
              "gitops"
            ],
            "terraform_version": "1.5.7",
            "trigger_patterns": [],
            "trigger_prefixes": [],
            "vcs_repo": [],
            "working_directory": "workspaces/core/"
          },
          "sensitive_attributes": [],
          "private": "eyJzY2hlbWFfdmVyc2lvbiI6IjEifQ==",
          "dependencies": [
            "tfe_organization.whoverse"
          ]
        }
      ]
    }
  ],
  "check_results": null
}
